
Microsoft Visual Studio Solution File, Format Version 12.00
# Visual Studio Version 16
VisualStudioVersion = 16.0.31515.178
MinimumVisualStudioVersion = 10.0.40219.1
Project("{FAE04EC0-301F-11D3-BF4B-00C04F79EFBC}") = "XMLtoJSONConverter.Employee", "XMLtoJSONConverter.Employee\XMLtoJSONConverter.Employee.csproj", "{605041C8-FD1A-4A5A-BD8D-85777722F146}"
EndProject
Global
	GlobalSection(SolutionConfigurationPlatforms) = preSolution
		Debug|Any CPU = Debug|Any CPU
		Release|Any CPU = Release|Any CPU
	EndGlobalSection
	GlobalSection(ProjectConfigurationPlatforms) = postSolution
		{605041C8-FD1A-4A5A-BD8D-85777722F146}.Debug|Any CPU.ActiveCfg = Debug|Any CPU
		{605041C8-FD1A-4A5A-BD8D-85777722F146}.Debug|Any CPU.Build.0 = Debug|Any CPU
		{605041C8-FD1A-4A5A-BD8D-85777722F146}.Release|Any CPU.ActiveCfg = Release|Any CPU
		{605041C8-FD1A-4A5A-BD8D-85777722F146}.Release|Any CPU.Build.0 = Release|Any CPU
	EndGlobalSection
	GlobalSection(SolutionProperties) = preSolution
		HideSolutionNode = FALSE
	EndGlobalSection
	GlobalSection(ExtensibilityGlobals) = postSolution
		SolutionGuid = {32460738-CCFB-444C-914A-CBE2A7828686}
	EndGlobalSection
EndGlobal
